// !$*UTF8*$!
{
	archiveVersion = 1;
	classes = {
	};
	objectVersion = 46;
	objects = {

/* Begin PBXBuildFile section */
		A31189971329E758006C6A6B /* MPOAuth.framework in Frameworks */ = {isa = PBXBuildFile; fileRef = A31189961329E758006C6A6B /* MPOAuth.framework */; };
		A31189981329E77D006C6A6B /* MPOAuth.framework in CopyFiles */ = {isa = PBXBuildFile; fileRef = A31189961329E758006C6A6B /* MPOAuth.framework */; };
		A313E609132F1131006DDE67 /* Localizable.strings in Resources */ = {isa = PBXBuildFile; fileRef = A313E608132F1131006DDE67 /* Localizable.strings */; };
		A3145D55133F74B20080C768 /* Reachability.m in Sources */ = {isa = PBXBuildFile; fileRef = A3145D54133F74B20080C768 /* Reachability.m */; };
		A32A41C9133D156A00596879 /* NSDictionary-Utilities.m in Sources */ = {isa = PBXBuildFile; fileRef = A32A41C8133D156A00596879 /* NSDictionary-Utilities.m */; };
		A32A41D8133D538400596879 /* DMOAuthStateMapTransformer.m in Sources */ = {isa = PBXBuildFile; fileRef = A32A41D7133D538400596879 /* DMOAuthStateMapTransformer.m */; };
		A36647B51327E9E600052F6D /* DMConstants.m in Sources */ = {isa = PBXBuildFile; fileRef = A36647B41327E9E600052F6D /* DMConstants.m */; };
		A37498C61339494100EC7841 /* DMOAuthController.m in Sources */ = {isa = PBXBuildFile; fileRef = A37498C51339494100EC7841 /* DMOAuthController.m */; };
		A39E30F7132BD045007E0323 /* DMSplashScreenButtonCell.m in Sources */ = {isa = PBXBuildFile; fileRef = A39E30F6132BD043007E0323 /* DMSplashScreenButtonCell.m */; };
		A3A8C5F613280C0F00FDB229 /* DMAuthSheetController.m in Sources */ = {isa = PBXBuildFile; fileRef = A3A8C5F513280C0F00FDB229 /* DMAuthSheetController.m */; };
		A3A8C5FE13280CD800FDB229 /* DMAuthSheet.xib in Resources */ = {isa = PBXBuildFile; fileRef = A3A8C5FD13280CD800FDB229 /* DMAuthSheet.xib */; };
		A3AE807613274EF9005A18B0 /* JSON.framework in Frameworks */ = {isa = PBXBuildFile; fileRef = A3AE807513274EF9005A18B0 /* JSON.framework */; };
		A3AE807A13274F07005A18B0 /* BWToolkitFramework.framework in Frameworks */ = {isa = PBXBuildFile; fileRef = A3AE807913274F07005A18B0 /* BWToolkitFramework.framework */; };
		A3AE807C13274F36005A18B0 /* BWToolkitFramework.framework in CopyFiles */ = {isa = PBXBuildFile; fileRef = A3AE807913274F07005A18B0 /* BWToolkitFramework.framework */; };
		A3AE807E13274F36005A18B0 /* JSON.framework in CopyFiles */ = {isa = PBXBuildFile; fileRef = A3AE807513274EF9005A18B0 /* JSON.framework */; };
		A3BF8BAB13300D0F0084DFAE /* DMColoredView.m in Sources */ = {isa = PBXBuildFile; fileRef = A3BF8BAA13300D0E0084DFAE /* DMColoredView.m */; };
		A3BF8BB413302A1D0084DFAE /* Status_Conflict.png in Resources */ = {isa = PBXBuildFile; fileRef = A3BF8BB313302A1D0084DFAE /* Status_Conflict.png */; };
		A3C5D7E0133BE5DE00589FF1 /* SystemConfiguration.framework in Frameworks */ = {isa = PBXBuildFile; fileRef = A3C5D7DF133BE5DD00589FF1 /* SystemConfiguration.framework */; };
		A3C5D7F0133BFA7500589FF1 /* Alert.png in Resources */ = {isa = PBXBuildFile; fileRef = A3C5D7EE133BFA7500589FF1 /* Alert.png */; };
		A3E6F65B133171770016E6B9 /* DMWelcomeWindow.xib in Resources */ = {isa = PBXBuildFile; fileRef = A3E6F658133171770016E6B9 /* DMWelcomeWindow.xib */; };
		A3E6F65C133171770016E6B9 /* DMWelcomeWindowController.m in Sources */ = {isa = PBXBuildFile; fileRef = A3E6F65A133171770016E6B9 /* DMWelcomeWindowController.m */; };
		A3E8AB8113295B5C00F31503 /* Status_Accepted.png in Resources */ = {isa = PBXBuildFile; fileRef = A3E8AB7F13295B5C00F31503 /* Status_Accepted.png */; };
		A3E8AB8213295B5C00F31503 /* Status_Declined.png in Resources */ = {isa = PBXBuildFile; fileRef = A3E8AB8013295B5C00F31503 /* Status_Declined.png */; };
		A3EA27681327461C0072AC66 /* Cocoa.framework in Frameworks */ = {isa = PBXBuildFile; fileRef = A3EA27671327461C0072AC66 /* Cocoa.framework */; };
		A3EA27721327461C0072AC66 /* InfoPlist.strings in Resources */ = {isa = PBXBuildFile; fileRef = A3EA27701327461C0072AC66 /* InfoPlist.strings */; };
		A3EA27751327461C0072AC66 /* main.m in Sources */ = {isa = PBXBuildFile; fileRef = A3EA27741327461C0072AC66 /* main.m */; };
		A3EA27781327461C0072AC66 /* Credits.rtf in Resources */ = {isa = PBXBuildFile; fileRef = A3EA27761327461C0072AC66 /* Credits.rtf */; };
		A3EA277B1327461C0072AC66 /* DMAppController.m in Sources */ = {isa = PBXBuildFile; fileRef = A3EA277A1327461C0072AC66 /* DMAppController.m */; };
		A3EA277E1327461C0072AC66 /* MainMenu.xib in Resources */ = {isa = PBXBuildFile; fileRef = A3EA277C1327461C0072AC66 /* MainMenu.xib */; };
		A3EEA582132C4BF2006655E5 /* SplashScreenButtonCenter.png in Resources */ = {isa = PBXBuildFile; fileRef = A3EEA57F132C4BF2006655E5 /* SplashScreenButtonCenter.png */; };
		A3EEA583132C4BF2006655E5 /* SplashScreenButtonLeft.png in Resources */ = {isa = PBXBuildFile; fileRef = A3EEA580132C4BF2006655E5 /* SplashScreenButtonLeft.png */; };
		A3EEA584132C4BF2006655E5 /* SplashScreenButtonRight.png in Resources */ = {isa = PBXBuildFile; fileRef = A3EEA581132C4BF2006655E5 /* SplashScreenButtonRight.png */; };
/* End PBXBuildFile section */

/* Begin PBXCopyFilesBuildPhase section */
		A3AE807B13274F2B005A18B0 /* CopyFiles */ = {
			isa = PBXCopyFilesBuildPhase;
			buildActionMask = 2147483647;
			dstPath = "";
			dstSubfolderSpec = 10;
			files = (
				A31189981329E77D006C6A6B /* MPOAuth.framework in CopyFiles */,
				A3AE807C13274F36005A18B0 /* BWToolkitFramework.framework in CopyFiles */,
				A3AE807E13274F36005A18B0 /* JSON.framework in CopyFiles */,
			);
			runOnlyForDeploymentPostprocessing = 0;
		};
/* End PBXCopyFilesBuildPhase section */

/* Begin PBXFileReference section */
		A31189961329E758006C6A6B /* MPOAuth.framework */ = {isa = PBXFileReference; lastKnownFileType = wrapper.framework; path = MPOAuth.framework; sourceTree = "<group>"; };
		A313E608132F1131006DDE67 /* Localizable.strings */ = {isa = PBXFileReference; fileEncoding = 4; lastKnownFileType = text.plist.strings; lineEnding = 0; name = Localizable.strings; path = ../../../../../../Active/Development/ObjectiveC/draftimo/Draftimo/Draftimo/Localizable.strings; sourceTree = "<group>"; xcLanguageSpecificationIdentifier = xcode.lang.simpleColoring; };
		A3145D53133F74B20080C768 /* Reachability.h */ = {isa = PBXFileReference; fileEncoding = 4; lastKnownFileType = sourcecode.c.h; path = Reachability.h; sourceTree = "<group>"; };
		A3145D54133F74B20080C768 /* Reachability.m */ = {isa = PBXFileReference; fileEncoding = 4; lastKnownFileType = sourcecode.c.objc; path = Reachability.m; sourceTree = "<group>"; };
		A32A41C7133D156A00596879 /* NSDictionary-Utilities.h */ = {isa = PBXFileReference; fileEncoding = 4; lastKnownFileType = sourcecode.c.h; name = "NSDictionary-Utilities.h"; path = "../../../../../../Active/Development/ObjectiveC/draftimo/Draftimo/Draftimo/NSDictionary-Utilities.h"; sourceTree = "<group>"; };
		A32A41C8133D156A00596879 /* NSDictionary-Utilities.m */ = {isa = PBXFileReference; fileEncoding = 4; lastKnownFileType = sourcecode.c.objc; name = "NSDictionary-Utilities.m"; path = "../../../../../../Active/Development/ObjectiveC/draftimo/Draftimo/Draftimo/NSDictionary-Utilities.m"; sourceTree = "<group>"; };
		A32A41D6133D538400596879 /* DMOAuthStateMapTransformer.h */ = {isa = PBXFileReference; fileEncoding = 4; lastKnownFileType = sourcecode.c.h; name = DMOAuthStateMapTransformer.h; path = ../../../../../../Active/Development/ObjectiveC/draftimo/Draftimo/Draftimo/DMOAuthStateMapTransformer.h; sourceTree = "<group>"; };
		A32A41D7133D538400596879 /* DMOAuthStateMapTransformer.m */ = {isa = PBXFileReference; fileEncoding = 4; lastKnownFileType = sourcecode.c.objc; name = DMOAuthStateMapTransformer.m; path = ../../../../../../Active/Development/ObjectiveC/draftimo/Draftimo/Draftimo/DMOAuthStateMapTransformer.m; sourceTree = "<group>"; };
		A36647B31327E9E600052F6D /* DMConstants.h */ = {isa = PBXFileReference; fileEncoding = 4; lastKnownFileType = sourcecode.c.h; path = DMConstants.h; sourceTree = "<group>"; };
		A36647B41327E9E600052F6D /* DMConstants.m */ = {isa = PBXFileReference; fileEncoding = 4; lastKnownFileType = sourcecode.c.objc; path = DMConstants.m; sourceTree = "<group>"; wrapsLines = 0; };
		A37498C41339494100EC7841 /* DMOAuthController.h */ = {isa = PBXFileReference; fileEncoding = 4; lastKnownFileType = sourcecode.c.h; path = DMOAuthController.h; sourceTree = "<group>"; };
		A37498C51339494100EC7841 /* DMOAuthController.m */ = {isa = PBXFileReference; fileEncoding = 4; lastKnownFileType = sourcecode.c.objc; path = DMOAuthController.m; sourceTree = "<group>"; };
		A39E30F5132BD042007E0323 /* DMSplashScreenButtonCell.h */ = {isa = PBXFileReference; fileEncoding = 4; lastKnownFileType = sourcecode.c.h; name = DMSplashScreenButtonCell.h; path = ../../../../../../Active/Development/ObjectiveC/draftimo/Draftimo/Draftimo/DMSplashScreenButtonCell.h; sourceTree = "<group>"; };
		A39E30F6132BD043007E0323 /* DMSplashScreenButtonCell.m */ = {isa = PBXFileReference; fileEncoding = 4; lastKnownFileType = sourcecode.c.objc; name = DMSplashScreenButtonCell.m; path = ../../../../../../Active/Development/ObjectiveC/draftimo/Draftimo/Draftimo/DMSplashScreenButtonCell.m; sourceTree = "<group>"; };
		A3A8C5F413280C0F00FDB229 /* DMAuthSheetController.h */ = {isa = PBXFileReference; fileEncoding = 4; lastKnownFileType = sourcecode.c.h; path = DMAuthSheetController.h; sourceTree = "<group>"; };
		A3A8C5F513280C0F00FDB229 /* DMAuthSheetController.m */ = {isa = PBXFileReference; fileEncoding = 4; lastKnownFileType = sourcecode.c.objc; path = DMAuthSheetController.m; sourceTree = "<group>"; };
		A3A8C5FD13280CD800FDB229 /* DMAuthSheet.xib */ = {isa = PBXFileReference; fileEncoding = 4; lastKnownFileType = file.xib; path = DMAuthSheet.xib; sourceTree = "<group>"; };
		A3AE807513274EF9005A18B0 /* JSON.framework */ = {isa = PBXFileReference; lastKnownFileType = wrapper.framework; path = JSON.framework; sourceTree = "<group>"; };
		A3AE807913274F07005A18B0 /* BWToolkitFramework.framework */ = {isa = PBXFileReference; lastKnownFileType = wrapper.framework; path = BWToolkitFramework.framework; sourceTree = "<group>"; };
		A3BF8BA913300D0E0084DFAE /* DMColoredView.h */ = {isa = PBXFileReference; fileEncoding = 4; lastKnownFileType = sourcecode.c.h; name = DMColoredView.h; path = ../../../../../../Active/Development/ObjectiveC/draftimo/Draftimo/Draftimo/DMColoredView.h; sourceTree = "<group>"; };
		A3BF8BAA13300D0E0084DFAE /* DMColoredView.m */ = {isa = PBXFileReference; fileEncoding = 4; lastKnownFileType = sourcecode.c.objc; name = DMColoredView.m; path = ../../../../../../Active/Development/ObjectiveC/draftimo/Draftimo/Draftimo/DMColoredView.m; sourceTree = "<group>"; };
		A3BF8BB313302A1D0084DFAE /* Status_Conflict.png */ = {isa = PBXFileReference; lastKnownFileType = image.png; path = Status_Conflict.png; sourceTree = "<group>"; };
		A3C5D7DF133BE5DD00589FF1 /* SystemConfiguration.framework */ = {isa = PBXFileReference; lastKnownFileType = wrapper.framework; name = SystemConfiguration.framework; path = System/Library/Frameworks/SystemConfiguration.framework; sourceTree = SDKROOT; };
		A3C5D7EE133BFA7500589FF1 /* Alert.png */ = {isa = PBXFileReference; lastKnownFileType = image.png; path = Alert.png; sourceTree = "<group>"; };
		A3E6F658133171770016E6B9 /* DMWelcomeWindow.xib */ = {isa = PBXFileReference; fileEncoding = 4; lastKnownFileType = file.xib; name = DMWelcomeWindow.xib; path = ../../../../../../Active/Development/ObjectiveC/draftimo/Draftimo/Draftimo/DMWelcomeWindow.xib; sourceTree = "<group>"; };
		A3E6F659133171770016E6B9 /* DMWelcomeWindowController.h */ = {isa = PBXFileReference; fileEncoding = 4; lastKnownFileType = sourcecode.c.h; name = DMWelcomeWindowController.h; path = ../../../../../../Active/Development/ObjectiveC/draftimo/Draftimo/Draftimo/DMWelcomeWindowController.h; sourceTree = "<group>"; };
		A3E6F65A133171770016E6B9 /* DMWelcomeWindowController.m */ = {isa = PBXFileReference; fileEncoding = 4; lastKnownFileType = sourcecode.c.objc; name = DMWelcomeWindowController.m; path = ../../../../../../Active/Development/ObjectiveC/draftimo/Draftimo/Draftimo/DMWelcomeWindowController.m; sourceTree = "<group>"; };
		A3E8AB7F13295B5C00F31503 /* Status_Accepted.png */ = {isa = PBXFileReference; lastKnownFileType = image.png; path = Status_Accepted.png; sourceTree = "<group>"; };
		A3E8AB8013295B5C00F31503 /* Status_Declined.png */ = {isa = PBXFileReference; lastKnownFileType = image.png; path = Status_Declined.png; sourceTree = "<group>"; };
		A3EA27631327461C0072AC66 /* Draftimo.app */ = {isa = PBXFileReference; explicitFileType = wrapper.application; includeInIndex = 0; path = Draftimo.app; sourceTree = BUILT_PRODUCTS_DIR; };
		A3EA27671327461C0072AC66 /* Cocoa.framework */ = {isa = PBXFileReference; lastKnownFileType = wrapper.framework; name = Cocoa.framework; path = System/Library/Frameworks/Cocoa.framework; sourceTree = SDKROOT; };
		A3EA276A1327461C0072AC66 /* AppKit.framework */ = {isa = PBXFileReference; lastKnownFileType = wrapper.framework; name = AppKit.framework; path = System/Library/Frameworks/AppKit.framework; sourceTree = SDKROOT; };
		A3EA276B1327461C0072AC66 /* CoreData.framework */ = {isa = PBXFileReference; lastKnownFileType = wrapper.framework; name = CoreData.framework; path = System/Library/Frameworks/CoreData.framework; sourceTree = SDKROOT; };
		A3EA276C1327461C0072AC66 /* Foundation.framework */ = {isa = PBXFileReference; lastKnownFileType = wrapper.framework; name = Foundation.framework; path = System/Library/Frameworks/Foundation.framework; sourceTree = SDKROOT; };
		A3EA276F1327461C0072AC66 /* Draftimo-Info.plist */ = {isa = PBXFileReference; lastKnownFileType = text.plist.xml; path = "Draftimo-Info.plist"; sourceTree = "<group>"; };
		A3EA27711327461C0072AC66 /* en */ = {isa = PBXFileReference; lastKnownFileType = text.plist.strings; name = en; path = en.lproj/InfoPlist.strings; sourceTree = "<group>"; };
		A3EA27731327461C0072AC66 /* Draftimo-Prefix.pch */ = {isa = PBXFileReference; lastKnownFileType = sourcecode.c.h; path = "Draftimo-Prefix.pch"; sourceTree = "<group>"; };
		A3EA27741327461C0072AC66 /* main.m */ = {isa = PBXFileReference; lastKnownFileType = sourcecode.c.objc; path = main.m; sourceTree = "<group>"; };
		A3EA27771327461C0072AC66 /* en */ = {isa = PBXFileReference; lastKnownFileType = text.rtf; name = en; path = en.lproj/Credits.rtf; sourceTree = "<group>"; };
		A3EA27791327461C0072AC66 /* DMAppController.h */ = {isa = PBXFileReference; lastKnownFileType = sourcecode.c.h; path = DMAppController.h; sourceTree = "<group>"; };
		A3EA277A1327461C0072AC66 /* DMAppController.m */ = {isa = PBXFileReference; lastKnownFileType = sourcecode.c.objc; lineEnding = 0; path = DMAppController.m; sourceTree = "<group>"; wrapsLines = 0; xcLanguageSpecificationIdentifier = xcode.lang.objc; };
		A3EA277D1327461C0072AC66 /* en */ = {isa = PBXFileReference; lastKnownFileType = file.xib; name = en; path = en.lproj/MainMenu.xib; sourceTree = "<group>"; };
		A3EEA57F132C4BF2006655E5 /* SplashScreenButtonCenter.png */ = {isa = PBXFileReference; lastKnownFileType = image.png; path = SplashScreenButtonCenter.png; sourceTree = "<group>"; };
		A3EEA580132C4BF2006655E5 /* SplashScreenButtonLeft.png */ = {isa = PBXFileReference; lastKnownFileType = image.png; path = SplashScreenButtonLeft.png; sourceTree = "<group>"; };
		A3EEA581132C4BF2006655E5 /* SplashScreenButtonRight.png */ = {isa = PBXFileReference; lastKnownFileType = image.png; path = SplashScreenButtonRight.png; sourceTree = "<group>"; };
/* End PBXFileReference section */

/* Begin PBXFrameworksBuildPhase section */
		A3EA27601327461C0072AC66 /* Frameworks */ = {
			isa = PBXFrameworksBuildPhase;
			buildActionMask = 2147483647;
			files = (
				A3C5D7E0133BE5DE00589FF1 /* SystemConfiguration.framework in Frameworks */,
				A3EA27681327461C0072AC66 /* Cocoa.framework in Frameworks */,
				A3AE807613274EF9005A18B0 /* JSON.framework in Frameworks */,
				A3AE807A13274F07005A18B0 /* BWToolkitFramework.framework in Frameworks */,
				A31189971329E758006C6A6B /* MPOAuth.framework in Frameworks */,
			);
			runOnlyForDeploymentPostprocessing = 0;
		};
/* End PBXFrameworksBuildPhase section */

/* Begin PBXGroup section */
		A32A41C5133D154800596879 /* Categories */ = {
			isa = PBXGroup;
			children = (
				A32A41C7133D156A00596879 /* NSDictionary-Utilities.h */,
				A32A41C8133D156A00596879 /* NSDictionary-Utilities.m */,
			);
			name = Categories;
			sourceTree = "<group>";
		};
		A351766013284D6300AE4554 /* Resources */ = {
			isa = PBXGroup;
			children = (
				A3C5D7EE133BFA7500589FF1 /* Alert.png */,
				A3EEA57F132C4BF2006655E5 /* SplashScreenButtonCenter.png */,
				A3EEA580132C4BF2006655E5 /* SplashScreenButtonLeft.png */,
				A3EEA581132C4BF2006655E5 /* SplashScreenButtonRight.png */,
				A3E8AB7F13295B5C00F31503 /* Status_Accepted.png */,
				A3E8AB8013295B5C00F31503 /* Status_Declined.png */,
				A3BF8BB313302A1D0084DFAE /* Status_Conflict.png */,
			);
			name = Resources;
			path = Draftimo;
			sourceTree = "<group>";
		};
		A3A8C5FF13280CE000FDB229 /* Draft Setup */ = {
			isa = PBXGroup;
			children = (
				A3E6F659133171770016E6B9 /* DMWelcomeWindowController.h */,
				A3E6F65A133171770016E6B9 /* DMWelcomeWindowController.m */,
				A3E6F658133171770016E6B9 /* DMWelcomeWindow.xib */,
				A3A8C5F413280C0F00FDB229 /* DMAuthSheetController.h */,
				A3A8C5F513280C0F00FDB229 /* DMAuthSheetController.m */,
				A3A8C5FD13280CD800FDB229 /* DMAuthSheet.xib */,
				A39E30F5132BD042007E0323 /* DMSplashScreenButtonCell.h */,
				A39E30F6132BD043007E0323 /* DMSplashScreenButtonCell.m */,
			);
			name = "Draft Setup";
			sourceTree = "<group>";
		};
		A3AE807313274EBB005A18B0 /* Other Frameworks */ = {
			isa = PBXGroup;
			children = (
				A31189961329E758006C6A6B /* MPOAuth.framework */,
				A3AE807913274F07005A18B0 /* BWToolkitFramework.framework */,
				A3AE807513274EF9005A18B0 /* JSON.framework */,
			);
			name = "Other Frameworks";
			sourceTree = "<group>";
		};
		A3BF8BAC133022980084DFAE /* Utilities */ = {
			isa = PBXGroup;
			children = (
				A32A41C5133D154800596879 /* Categories */,
				A3BF8BA913300D0E0084DFAE /* DMColoredView.h */,
				A3BF8BAA13300D0E0084DFAE /* DMColoredView.m */,
			);
			name = Utilities;
			sourceTree = "<group>";
		};
		A3C5D7EA133BE70000589FF1 /* OAuth */ = {
			isa = PBXGroup;
			children = (
				A3145D53133F74B20080C768 /* Reachability.h */,
				A3145D54133F74B20080C768 /* Reachability.m */,
				A37498C41339494100EC7841 /* DMOAuthController.h */,
				A37498C51339494100EC7841 /* DMOAuthController.m */,
				A32A41D6133D538400596879 /* DMOAuthStateMapTransformer.h */,
				A32A41D7133D538400596879 /* DMOAuthStateMapTransformer.m */,
			);
			name = OAuth;
			sourceTree = "<group>";
		};
		A3EA27581327461C0072AC66 = {
			isa = PBXGroup;
			children = (
				A3EA276D1327461C0072AC66 /* Draftimo */,
				A351766013284D6300AE4554 /* Resources */,
				A3EA27661327461C0072AC66 /* Frameworks */,
				A3EA27641327461C0072AC66 /* Products */,
			);
			indentWidth = 4;
			sourceTree = "<group>";
			tabWidth = 4;
			wrapsLines = 0;
		};
		A3EA27641327461C0072AC66 /* Products */ = {
			isa = PBXGroup;
			children = (
				A3EA27631327461C0072AC66 /* Draftimo.app */,
			);
			name = Products;
			sourceTree = "<group>";
		};
		A3EA27661327461C0072AC66 /* Frameworks */ = {
			isa = PBXGroup;
			children = (
				A3EA27691327461C0072AC66 /* Apple Frameworks */,
				A3AE807313274EBB005A18B0 /* Other Frameworks */,
			);
			name = Frameworks;
			sourceTree = "<group>";
		};
		A3EA27691327461C0072AC66 /* Apple Frameworks */ = {
			isa = PBXGroup;
			children = (
				A3C5D7DF133BE5DD00589FF1 /* SystemConfiguration.framework */,
				A3EA27671327461C0072AC66 /* Cocoa.framework */,
				A3EA276A1327461C0072AC66 /* AppKit.framework */,
				A3EA276B1327461C0072AC66 /* CoreData.framework */,
				A3EA276C1327461C0072AC66 /* Foundation.framework */,
			);
			name = "Apple Frameworks";
			sourceTree = "<group>";
		};
		A3EA276D1327461C0072AC66 /* Draftimo */ = {
			isa = PBXGroup;
			children = (
				A3C5D7EA133BE70000589FF1 /* OAuth */,
				A3BF8BAC133022980084DFAE /* Utilities */,
				A3A8C5FF13280CE000FDB229 /* Draft Setup */,
				A36647B31327E9E600052F6D /* DMConstants.h */,
				A36647B41327E9E600052F6D /* DMConstants.m */,
				A3EA27791327461C0072AC66 /* DMAppController.h */,
				A3EA277A1327461C0072AC66 /* DMAppController.m */,
				A3EA277C1327461C0072AC66 /* MainMenu.xib */,
				A3EA276E1327461C0072AC66 /* Supporting Files */,
			);
			path = Draftimo;
			sourceTree = "<group>";
		};
		A3EA276E1327461C0072AC66 /* Supporting Files */ = {
			isa = PBXGroup;
			children = (
				A3EA276F1327461C0072AC66 /* Draftimo-Info.plist */,
				A3EA27701327461C0072AC66 /* InfoPlist.strings */,
				A3EA27731327461C0072AC66 /* Draftimo-Prefix.pch */,
				A3EA27741327461C0072AC66 /* main.m */,
				A3EA27761327461C0072AC66 /* Credits.rtf */,
				A313E608132F1131006DDE67 /* Localizable.strings */,
			);
			name = "Supporting Files";
			sourceTree = "<group>";
		};
/* End PBXGroup section */

/* Begin PBXNativeTarget section */
		A3EA27621327461C0072AC66 /* Draftimo */ = {
			isa = PBXNativeTarget;
			buildConfigurationList = A3EA27811327461C0072AC66 /* Build configuration list for PBXNativeTarget "Draftimo" */;
			buildPhases = (
				A3EA275F1327461C0072AC66 /* Sources */,
				A3EA27601327461C0072AC66 /* Frameworks */,
				A3EA27611327461C0072AC66 /* Resources */,
				A3AE807B13274F2B005A18B0 /* CopyFiles */,
			);
			buildRules = (
			);
			dependencies = (
			);
			name = Draftimo;
			productName = Draftimo;
			productReference = A3EA27631327461C0072AC66 /* Draftimo.app */;
			productType = "com.apple.product-type.application";
		};
/* End PBXNativeTarget section */

/* Begin PBXProject section */
		A3EA275A1327461C0072AC66 /* Project object */ = {
			isa = PBXProject;
			attributes = {
				ORGANIZATIONNAME = "Kyle Macomber";
			};
			buildConfigurationList = A3EA275D1327461C0072AC66 /* Build configuration list for PBXProject "Draftimo" */;
			compatibilityVersion = "Xcode 3.2";
			developmentRegion = English;
			hasScannedForEncodings = 0;
			knownRegions = (
				en,
			);
			mainGroup = A3EA27581327461C0072AC66;
			productRefGroup = A3EA27641327461C0072AC66 /* Products */;
			projectDirPath = "";
			projectRoot = "";
			targets = (
				A3EA27621327461C0072AC66 /* Draftimo */,
			);
		};
/* End PBXProject section */

/* Begin PBXResourcesBuildPhase section */
		A3EA27611327461C0072AC66 /* Resources */ = {
			isa = PBXResourcesBuildPhase;
			buildActionMask = 2147483647;
			files = (
				A3EA27721327461C0072AC66 /* InfoPlist.strings in Resources */,
				A3EA27781327461C0072AC66 /* Credits.rtf in Resources */,
				A3EA277E1327461C0072AC66 /* MainMenu.xib in Resources */,
				A3A8C5FE13280CD800FDB229 /* DMAuthSheet.xib in Resources */,
				A3E8AB8113295B5C00F31503 /* Status_Accepted.png in Resources */,
				A3E8AB8213295B5C00F31503 /* Status_Declined.png in Resources */,
				A3EEA582132C4BF2006655E5 /* SplashScreenButtonCenter.png in Resources */,
				A3EEA583132C4BF2006655E5 /* SplashScreenButtonLeft.png in Resources */,
				A3EEA584132C4BF2006655E5 /* SplashScreenButtonRight.png in Resources */,
				A313E609132F1131006DDE67 /* Localizable.strings in Resources */,
				A3BF8BB413302A1D0084DFAE /* Status_Conflict.png in Resources */,
				A3E6F65B133171770016E6B9 /* DMWelcomeWindow.xib in Resources */,
				A3C5D7F0133BFA7500589FF1 /* Alert.png in Resources */,
			);
			runOnlyForDeploymentPostprocessing = 0;
		};
/* End PBXResourcesBuildPhase section */

/* Begin PBXSourcesBuildPhase section */
		A3EA275F1327461C0072AC66 /* Sources */ = {
			isa = PBXSourcesBuildPhase;
			buildActionMask = 2147483647;
			files = (
				A3EA27751327461C0072AC66 /* main.m in Sources */,
				A3EA277B1327461C0072AC66 /* DMAppController.m in Sources */,
				A36647B51327E9E600052F6D /* DMConstants.m in Sources */,
				A3A8C5F613280C0F00FDB229 /* DMAuthSheetController.m in Sources */,
				A39E30F7132BD045007E0323 /* DMSplashScreenButtonCell.m in Sources */,
				A3BF8BAB13300D0F0084DFAE /* DMColoredView.m in Sources */,
				A3E6F65C133171770016E6B9 /* DMWelcomeWindowController.m in Sources */,
				A37498C61339494100EC7841 /* DMOAuthController.m in Sources */,
				A32A41C9133D156A00596879 /* NSDictionary-Utilities.m in Sources */,
				A32A41D8133D538400596879 /* DMOAuthStateMapTransformer.m in Sources */,
				A3145D55133F74B20080C768 /* Reachability.m in Sources */,
			);
			runOnlyForDeploymentPostprocessing = 0;
		};
/* End PBXSourcesBuildPhase section */

/* Begin PBXVariantGroup section */
		A3EA27701327461C0072AC66 /* InfoPlist.strings */ = {
			isa = PBXVariantGroup;
			children = (
				A3EA27711327461C0072AC66 /* en */,
			);
			name = InfoPlist.strings;
			sourceTree = "<group>";
		};
		A3EA27761327461C0072AC66 /* Credits.rtf */ = {
			isa = PBXVariantGroup;
			children = (
				A3EA27771327461C0072AC66 /* en */,
			);
			name = Credits.rtf;
			sourceTree = "<group>";
		};
		A3EA277C1327461C0072AC66 /* MainMenu.xib */ = {
			isa = PBXVariantGroup;
			children = (
				A3EA277D1327461C0072AC66 /* en */,
			);
			name = MainMenu.xib;
			sourceTree = "<group>";
		};
/* End PBXVariantGroup section */

/* Begin XCBuildConfiguration section */
		A3EA277F1327461C0072AC66 /* Debug */ = {
			isa = XCBuildConfiguration;
			buildSettings = {
				ARCHS = "$(ARCHS_STANDARD_32_64_BIT)";
				GCC_C_LANGUAGE_STANDARD = gnu99;
				GCC_OPTIMIZATION_LEVEL = 0;
				GCC_PREPROCESSOR_DEFINITIONS = DEBUG;
				GCC_SYMBOLS_PRIVATE_EXTERN = NO;
				GCC_VERSION = com.apple.compilers.llvm.clang.1_0;
				GCC_WARN_64_TO_32_BIT_CONVERSION = YES;
				GCC_WARN_ABOUT_RETURN_TYPE = YES;
				GCC_WARN_UNUSED_VARIABLE = YES;
				MACOSX_DEPLOYMENT_TARGET = 10.6;
				ONLY_ACTIVE_ARCH = YES;
				SDKROOT = macosx;
			};
			name = Debug;
		};
		A3EA27801327461C0072AC66 /* Release */ = {
			isa = XCBuildConfiguration;
			buildSettings = {
				ARCHS = "$(ARCHS_STANDARD_32_64_BIT)";
				GCC_C_LANGUAGE_STANDARD = gnu99;
				GCC_VERSION = com.apple.compilers.llvm.clang.1_0;
				GCC_WARN_64_TO_32_BIT_CONVERSION = YES;
				GCC_WARN_ABOUT_RETURN_TYPE = YES;
				GCC_WARN_UNUSED_VARIABLE = YES;
				MACOSX_DEPLOYMENT_TARGET = 10.6;
				SDKROOT = macosx;
			};
			name = Release;
		};
		A3EA27821327461C0072AC66 /* Debug */ = {
			isa = XCBuildConfiguration;
			buildSettings = {
				ALWAYS_SEARCH_USER_PATHS = NO;
				COPY_PHASE_STRIP = NO;
				FRAMEWORK_SEARCH_PATHS = (
					"$(inherited)",
					"\"$(SRCROOT)\"",
				);
				GCC_DYNAMIC_NO_PIC = NO;
				GCC_ENABLE_OBJC_EXCEPTIONS = YES;
				GCC_PRECOMPILE_PREFIX_HEADER = YES;
				GCC_PREFIX_HEADER = "Draftimo/Draftimo-Prefix.pch";
				INFOPLIST_FILE = "Draftimo/Draftimo-Info.plist";
				PRODUCT_NAME = "$(TARGET_NAME)";
				WRAPPER_EXTENSION = app;
			};
			name = Debug;
		};
		A3EA27831327461C0072AC66 /* Release */ = {
			isa = XCBuildConfiguration;
			buildSettings = {
				ALWAYS_SEARCH_USER_PATHS = NO;
				COPY_PHASE_STRIP = YES;
				DEBUG_INFORMATION_FORMAT = "dwarf-with-dsym";
				FRAMEWORK_SEARCH_PATHS = (
					"$(inherited)",
					"\"$(SRCROOT)\"",
				);
				GCC_ENABLE_OBJC_EXCEPTIONS = YES;
				GCC_PRECOMPILE_PREFIX_HEADER = YES;
				GCC_PREFIX_HEADER = "Draftimo/Draftimo-Prefix.pch";
				INFOPLIST_FILE = "Draftimo/Draftimo-Info.plist";
				PRODUCT_NAME = "$(TARGET_NAME)";
				WRAPPER_EXTENSION = app;
			};
			name = Release;
		};
/* End XCBuildConfiguration section */

/* Begin XCConfigurationList section */
		A3EA275D1327461C0072AC66 /* Build configuration list for PBXProject "Draftimo" */ = {
			isa = XCConfigurationList;
			buildConfigurations = (
				A3EA277F1327461C0072AC66 /* Debug */,
				A3EA27801327461C0072AC66 /* Release */,
			);
			defaultConfigurationIsVisible = 0;
			defaultConfigurationName = Release;
		};
		A3EA27811327461C0072AC66 /* Build configuration list for PBXNativeTarget "Draftimo" */ = {
			isa = XCConfigurationList;
			buildConfigurations = (
				A3EA27821327461C0072AC66 /* Debug */,
				A3EA27831327461C0072AC66 /* Release */,
			);
			defaultConfigurationIsVisible = 0;
			defaultConfigurationName = Release;
		};
/* End XCConfigurationList section */
	};
	rootObject = A3EA275A1327461C0072AC66 /* Project object */;
}
