// !$*UTF8*$!
{
	archiveVersion = 1;
	classes = {
	};
	objectVersion = 46;
	objects = {

/* Begin PBXBuildFile section */
		A3AE807613274EF9005A18B0 /* JSON.framework in Frameworks */ = {isa = PBXBuildFile; fileRef = A3AE807513274EF9005A18B0 /* JSON.framework */; };
		A3AE807813274EFF005A18B0 /* MPOAuth.framework in Frameworks */ = {isa = PBXBuildFile; fileRef = A3AE807713274EFF005A18B0 /* MPOAuth.framework */; };
		A3AE807A13274F07005A18B0 /* BWToolkitFramework.framework in Frameworks */ = {isa = PBXBuildFile; fileRef = A3AE807913274F07005A18B0 /* BWToolkitFramework.framework */; };
		A3AE807C13274F36005A18B0 /* BWToolkitFramework.framework in CopyFiles */ = {isa = PBXBuildFile; fileRef = A3AE807913274F07005A18B0 /* BWToolkitFramework.framework */; };
		A3AE807D13274F36005A18B0 /* MPOAuth.framework in CopyFiles */ = {isa = PBXBuildFile; fileRef = A3AE807713274EFF005A18B0 /* MPOAuth.framework */; };
		A3AE807E13274F36005A18B0 /* JSON.framework in CopyFiles */ = {isa = PBXBuildFile; fileRef = A3AE807513274EF9005A18B0 /* JSON.framework */; };
		A3EA27681327461C0072AC66 /* Cocoa.framework in Frameworks */ = {isa = PBXBuildFile; fileRef = A3EA27671327461C0072AC66 /* Cocoa.framework */; };
		A3EA27721327461C0072AC66 /* InfoPlist.strings in Resources */ = {isa = PBXBuildFile; fileRef = A3EA27701327461C0072AC66 /* InfoPlist.strings */; };
		A3EA27751327461C0072AC66 /* main.m in Sources */ = {isa = PBXBuildFile; fileRef = A3EA27741327461C0072AC66 /* main.m */; };
		A3EA27781327461C0072AC66 /* Credits.rtf in Resources */ = {isa = PBXBuildFile; fileRef = A3EA27761327461C0072AC66 /* Credits.rtf */; };
		A3EA277B1327461C0072AC66 /* DraftimoAppDelegate.m in Sources */ = {isa = PBXBuildFile; fileRef = A3EA277A1327461C0072AC66 /* DraftimoAppDelegate.m */; };
		A3EA277E1327461C0072AC66 /* MainMenu.xib in Resources */ = {isa = PBXBuildFile; fileRef = A3EA277C1327461C0072AC66 /* MainMenu.xib */; };
/* End PBXBuildFile section */

/* Begin PBXCopyFilesBuildPhase section */
		A3AE807B13274F2B005A18B0 /* CopyFiles */ = {
			isa = PBXCopyFilesBuildPhase;
			buildActionMask = 2147483647;
			dstPath = "";
			dstSubfolderSpec = 10;
			files = (
				A3AE807C13274F36005A18B0 /* BWToolkitFramework.framework in CopyFiles */,
				A3AE807D13274F36005A18B0 /* MPOAuth.framework in CopyFiles */,
				A3AE807E13274F36005A18B0 /* JSON.framework in CopyFiles */,
			);
			runOnlyForDeploymentPostprocessing = 0;
		};
/* End PBXCopyFilesBuildPhase section */

/* Begin PBXFileReference section */
		A3AE807513274EF9005A18B0 /* JSON.framework */ = {isa = PBXFileReference; lastKnownFileType = wrapper.framework; path = JSON.framework; sourceTree = "<group>"; };
		A3AE807713274EFF005A18B0 /* MPOAuth.framework */ = {isa = PBXFileReference; lastKnownFileType = wrapper.framework; path = MPOAuth.framework; sourceTree = "<group>"; };
		A3AE807913274F07005A18B0 /* BWToolkitFramework.framework */ = {isa = PBXFileReference; lastKnownFileType = wrapper.framework; path = BWToolkitFramework.framework; sourceTree = "<group>"; };
		A3EA27631327461C0072AC66 /* Draftimo.app */ = {isa = PBXFileReference; explicitFileType = wrapper.application; includeInIndex = 0; path = Draftimo.app; sourceTree = BUILT_PRODUCTS_DIR; };
		A3EA27671327461C0072AC66 /* Cocoa.framework */ = {isa = PBXFileReference; lastKnownFileType = wrapper.framework; name = Cocoa.framework; path = System/Library/Frameworks/Cocoa.framework; sourceTree = SDKROOT; };
		A3EA276A1327461C0072AC66 /* AppKit.framework */ = {isa = PBXFileReference; lastKnownFileType = wrapper.framework; name = AppKit.framework; path = System/Library/Frameworks/AppKit.framework; sourceTree = SDKROOT; };
		A3EA276B1327461C0072AC66 /* CoreData.framework */ = {isa = PBXFileReference; lastKnownFileType = wrapper.framework; name = CoreData.framework; path = System/Library/Frameworks/CoreData.framework; sourceTree = SDKROOT; };
		A3EA276C1327461C0072AC66 /* Foundation.framework */ = {isa = PBXFileReference; lastKnownFileType = wrapper.framework; name = Foundation.framework; path = System/Library/Frameworks/Foundation.framework; sourceTree = SDKROOT; };
		A3EA276F1327461C0072AC66 /* Draftimo-Info.plist */ = {isa = PBXFileReference; lastKnownFileType = text.plist.xml; path = "Draftimo-Info.plist"; sourceTree = "<group>"; };
		A3EA27711327461C0072AC66 /* en */ = {isa = PBXFileReference; lastKnownFileType = text.plist.strings; name = en; path = en.lproj/InfoPlist.strings; sourceTree = "<group>"; };
		A3EA27731327461C0072AC66 /* Draftimo-Prefix.pch */ = {isa = PBXFileReference; lastKnownFileType = sourcecode.c.h; path = "Draftimo-Prefix.pch"; sourceTree = "<group>"; };
		A3EA27741327461C0072AC66 /* main.m */ = {isa = PBXFileReference; lastKnownFileType = sourcecode.c.objc; path = main.m; sourceTree = "<group>"; };
		A3EA27771327461C0072AC66 /* en */ = {isa = PBXFileReference; lastKnownFileType = text.rtf; name = en; path = en.lproj/Credits.rtf; sourceTree = "<group>"; };
		A3EA27791327461C0072AC66 /* DraftimoAppDelegate.h */ = {isa = PBXFileReference; lastKnownFileType = sourcecode.c.h; path = DraftimoAppDelegate.h; sourceTree = "<group>"; };
		A3EA277A1327461C0072AC66 /* DraftimoAppDelegate.m */ = {isa = PBXFileReference; lastKnownFileType = sourcecode.c.objc; path = DraftimoAppDelegate.m; sourceTree = "<group>"; };
		A3EA277D1327461C0072AC66 /* en */ = {isa = PBXFileReference; lastKnownFileType = file.xib; name = en; path = en.lproj/MainMenu.xib; sourceTree = "<group>"; };
/* End PBXFileReference section */

/* Begin PBXFrameworksBuildPhase section */
		A3EA27601327461C0072AC66 /* Frameworks */ = {
			isa = PBXFrameworksBuildPhase;
			buildActionMask = 2147483647;
			files = (
				A3EA27681327461C0072AC66 /* Cocoa.framework in Frameworks */,
				A3AE807613274EF9005A18B0 /* JSON.framework in Frameworks */,
				A3AE807813274EFF005A18B0 /* MPOAuth.framework in Frameworks */,
				A3AE807A13274F07005A18B0 /* BWToolkitFramework.framework in Frameworks */,
			);
			runOnlyForDeploymentPostprocessing = 0;
		};
/* End PBXFrameworksBuildPhase section */

/* Begin PBXGroup section */
		A3AE807313274EBB005A18B0 /* Other Frameworks */ = {
			isa = PBXGroup;
			children = (
				A3AE807913274F07005A18B0 /* BWToolkitFramework.framework */,
				A3AE807713274EFF005A18B0 /* MPOAuth.framework */,
				A3AE807513274EF9005A18B0 /* JSON.framework */,
			);
			name = "Other Frameworks";
			sourceTree = "<group>";
		};
		A3EA27581327461C0072AC66 = {
			isa = PBXGroup;
			children = (
				A3EA276D1327461C0072AC66 /* Draftimo */,
				A3EA27661327461C0072AC66 /* Frameworks */,
				A3EA27641327461C0072AC66 /* Products */,
			);
			sourceTree = "<group>";
		};
		A3EA27641327461C0072AC66 /* Products */ = {
			isa = PBXGroup;
			children = (
				A3EA27631327461C0072AC66 /* Draftimo.app */,
			);
			name = Products;
			sourceTree = "<group>";
		};
		A3EA27661327461C0072AC66 /* Frameworks */ = {
			isa = PBXGroup;
			children = (
				A3EA27691327461C0072AC66 /* Apple Frameworks */,
				A3AE807313274EBB005A18B0 /* Other Frameworks */,
			);
			name = Frameworks;
			sourceTree = "<group>";
		};
		A3EA27691327461C0072AC66 /* Apple Frameworks */ = {
			isa = PBXGroup;
			children = (
				A3EA27671327461C0072AC66 /* Cocoa.framework */,
				A3EA276A1327461C0072AC66 /* AppKit.framework */,
				A3EA276B1327461C0072AC66 /* CoreData.framework */,
				A3EA276C1327461C0072AC66 /* Foundation.framework */,
			);
			name = "Apple Frameworks";
			sourceTree = "<group>";
		};
		A3EA276D1327461C0072AC66 /* Draftimo */ = {
			isa = PBXGroup;
			children = (
				A3EA27791327461C0072AC66 /* DraftimoAppDelegate.h */,
				A3EA277A1327461C0072AC66 /* DraftimoAppDelegate.m */,
				A3EA277C1327461C0072AC66 /* MainMenu.xib */,
				A3EA276E1327461C0072AC66 /* Supporting Files */,
			);
			path = Draftimo;
			sourceTree = "<group>";
		};
		A3EA276E1327461C0072AC66 /* Supporting Files */ = {
			isa = PBXGroup;
			children = (
				A3EA276F1327461C0072AC66 /* Draftimo-Info.plist */,
				A3EA27701327461C0072AC66 /* InfoPlist.strings */,
				A3EA27731327461C0072AC66 /* Draftimo-Prefix.pch */,
				A3EA27741327461C0072AC66 /* main.m */,
				A3EA27761327461C0072AC66 /* Credits.rtf */,
			);
			name = "Supporting Files";
			sourceTree = "<group>";
		};
/* End PBXGroup section */

/* Begin PBXNativeTarget section */
		A3EA27621327461C0072AC66 /* Draftimo */ = {
			isa = PBXNativeTarget;
			buildConfigurationList = A3EA27811327461C0072AC66 /* Build configuration list for PBXNativeTarget "Draftimo" */;
			buildPhases = (
				A3EA275F1327461C0072AC66 /* Sources */,
				A3EA27601327461C0072AC66 /* Frameworks */,
				A3EA27611327461C0072AC66 /* Resources */,
				A3AE807B13274F2B005A18B0 /* CopyFiles */,
			);
			buildRules = (
			);
			dependencies = (
			);
			name = Draftimo;
			productName = Draftimo;
			productReference = A3EA27631327461C0072AC66 /* Draftimo.app */;
			productType = "com.apple.product-type.application";
		};
/* End PBXNativeTarget section */

/* Begin PBXProject section */
		A3EA275A1327461C0072AC66 /* Project object */ = {
			isa = PBXProject;
			buildConfigurationList = A3EA275D1327461C0072AC66 /* Build configuration list for PBXProject "Draftimo" */;
			compatibilityVersion = "Xcode 3.2";
			developmentRegion = English;
			hasScannedForEncodings = 0;
			knownRegions = (
				en,
			);
			mainGroup = A3EA27581327461C0072AC66;
			productRefGroup = A3EA27641327461C0072AC66 /* Products */;
			projectDirPath = "";
			projectRoot = "";
			targets = (
				A3EA27621327461C0072AC66 /* Draftimo */,
			);
		};
/* End PBXProject section */

/* Begin PBXResourcesBuildPhase section */
		A3EA27611327461C0072AC66 /* Resources */ = {
			isa = PBXResourcesBuildPhase;
			buildActionMask = 2147483647;
			files = (
				A3EA27721327461C0072AC66 /* InfoPlist.strings in Resources */,
				A3EA27781327461C0072AC66 /* Credits.rtf in Resources */,
				A3EA277E1327461C0072AC66 /* MainMenu.xib in Resources */,
			);
			runOnlyForDeploymentPostprocessing = 0;
		};
/* End PBXResourcesBuildPhase section */

/* Begin PBXSourcesBuildPhase section */
		A3EA275F1327461C0072AC66 /* Sources */ = {
			isa = PBXSourcesBuildPhase;
			buildActionMask = 2147483647;
			files = (
				A3EA27751327461C0072AC66 /* main.m in Sources */,
				A3EA277B1327461C0072AC66 /* DraftimoAppDelegate.m in Sources */,
			);
			runOnlyForDeploymentPostprocessing = 0;
		};
/* End PBXSourcesBuildPhase section */

/* Begin PBXVariantGroup section */
		A3EA27701327461C0072AC66 /* InfoPlist.strings */ = {
			isa = PBXVariantGroup;
			children = (
				A3EA27711327461C0072AC66 /* en */,
			);
			name = InfoPlist.strings;
			sourceTree = "<group>";
		};
		A3EA27761327461C0072AC66 /* Credits.rtf */ = {
			isa = PBXVariantGroup;
			children = (
				A3EA27771327461C0072AC66 /* en */,
			);
			name = Credits.rtf;
			sourceTree = "<group>";
		};
		A3EA277C1327461C0072AC66 /* MainMenu.xib */ = {
			isa = PBXVariantGroup;
			children = (
				A3EA277D1327461C0072AC66 /* en */,
			);
			name = MainMenu.xib;
			sourceTree = "<group>";
		};
/* End PBXVariantGroup section */

/* Begin XCBuildConfiguration section */
		A3EA277F1327461C0072AC66 /* Debug */ = {
			isa = XCBuildConfiguration;
			buildSettings = {
				ARCHS = "$(ARCHS_STANDARD_32_64_BIT)";
				GCC_C_LANGUAGE_STANDARD = gnu99;
				GCC_OPTIMIZATION_LEVEL = 0;
				GCC_PREPROCESSOR_DEFINITIONS = DEBUG;
				GCC_SYMBOLS_PRIVATE_EXTERN = NO;
				GCC_VERSION = com.apple.compilers.llvm.clang.1_0;
				GCC_WARN_64_TO_32_BIT_CONVERSION = YES;
				GCC_WARN_ABOUT_RETURN_TYPE = YES;
				GCC_WARN_UNUSED_VARIABLE = YES;
				MACOSX_DEPLOYMENT_TARGET = 10.6;
				ONLY_ACTIVE_ARCH = YES;
				SDKROOT = macosx;
			};
			name = Debug;
		};
		A3EA27801327461C0072AC66 /* Release */ = {
			isa = XCBuildConfiguration;
			buildSettings = {
				ARCHS = "$(ARCHS_STANDARD_32_64_BIT)";
				GCC_C_LANGUAGE_STANDARD = gnu99;
				GCC_VERSION = com.apple.compilers.llvm.clang.1_0;
				GCC_WARN_64_TO_32_BIT_CONVERSION = YES;
				GCC_WARN_ABOUT_RETURN_TYPE = YES;
				GCC_WARN_UNUSED_VARIABLE = YES;
				MACOSX_DEPLOYMENT_TARGET = 10.6;
				SDKROOT = macosx;
			};
			name = Release;
		};
		A3EA27821327461C0072AC66 /* Debug */ = {
			isa = XCBuildConfiguration;
			buildSettings = {
				ALWAYS_SEARCH_USER_PATHS = NO;
				COPY_PHASE_STRIP = NO;
				FRAMEWORK_SEARCH_PATHS = (
					"$(inherited)",
					"\"$(SRCROOT)\"",
				);
				GCC_DYNAMIC_NO_PIC = NO;
				GCC_ENABLE_OBJC_EXCEPTIONS = YES;
				GCC_PRECOMPILE_PREFIX_HEADER = YES;
				GCC_PREFIX_HEADER = "Draftimo/Draftimo-Prefix.pch";
				INFOPLIST_FILE = "Draftimo/Draftimo-Info.plist";
				PRODUCT_NAME = "$(TARGET_NAME)";
				WRAPPER_EXTENSION = app;
			};
			name = Debug;
		};
		A3EA27831327461C0072AC66 /* Release */ = {
			isa = XCBuildConfiguration;
			buildSettings = {
				ALWAYS_SEARCH_USER_PATHS = NO;
				COPY_PHASE_STRIP = YES;
				DEBUG_INFORMATION_FORMAT = "dwarf-with-dsym";
				FRAMEWORK_SEARCH_PATHS = (
					"$(inherited)",
					"\"$(SRCROOT)\"",
				);
				GCC_ENABLE_OBJC_EXCEPTIONS = YES;
				GCC_PRECOMPILE_PREFIX_HEADER = YES;
				GCC_PREFIX_HEADER = "Draftimo/Draftimo-Prefix.pch";
				INFOPLIST_FILE = "Draftimo/Draftimo-Info.plist";
				PRODUCT_NAME = "$(TARGET_NAME)";
				WRAPPER_EXTENSION = app;
			};
			name = Release;
		};
/* End XCBuildConfiguration section */

/* Begin XCConfigurationList section */
		A3EA275D1327461C0072AC66 /* Build configuration list for PBXProject "Draftimo" */ = {
			isa = XCConfigurationList;
			buildConfigurations = (
				A3EA277F1327461C0072AC66 /* Debug */,
				A3EA27801327461C0072AC66 /* Release */,
			);
			defaultConfigurationIsVisible = 0;
			defaultConfigurationName = Release;
		};
		A3EA27811327461C0072AC66 /* Build configuration list for PBXNativeTarget "Draftimo" */ = {
			isa = XCConfigurationList;
			buildConfigurations = (
				A3EA27821327461C0072AC66 /* Debug */,
				A3EA27831327461C0072AC66 /* Release */,
			);
			defaultConfigurationIsVisible = 0;
			defaultConfigurationName = Release;
		};
/* End XCConfigurationList section */
	};
	rootObject = A3EA275A1327461C0072AC66 /* Project object */;
}
